
Microsoft Visual Studio Solution File, Format Version 12.00
# Visual Studio Version 17
VisualStudioVersion = 17.6.33829.357
MinimumVisualStudioVersion = 10.0.40219.1
Project("{FAE04EC0-301F-11D3-BF4B-00C04F79EFBC}") = "EntityFrameworkVEA", "EntityFrameworkVEA\EntityFrameworkVEA.csproj", "{149E82A2-B03C-4E0E-B5F7-10FD9CB7C66B}"
EndProject
Project("{FAE04EC0-301F-11D3-BF4B-00C04F79EFBC}") = "Sample.Data", "Sample.Data\Sample.Data.csproj", "{C4849E13-7164-4C5A-AF06-21C3B2955D54}"
EndProject
Global
	GlobalSection(SolutionConfigurationPlatforms) = preSolution
		Debug|Any CPU = Debug|Any CPU
		Release|Any CPU = Release|Any CPU
	EndGlobalSection
	GlobalSection(ProjectConfigurationPlatforms) = postSolution
		{149E82A2-B03C-4E0E-B5F7-10FD9CB7C66B}.Debug|Any CPU.ActiveCfg = Debug|Any CPU
		{149E82A2-B03C-4E0E-B5F7-10FD9CB7C66B}.Debug|Any CPU.Build.0 = Debug|Any CPU
		{149E82A2-B03C-4E0E-B5F7-10FD9CB7C66B}.Release|Any CPU.ActiveCfg = Release|Any CPU
		{149E82A2-B03C-4E0E-B5F7-10FD9CB7C66B}.Release|Any CPU.Build.0 = Release|Any CPU
		{C4849E13-7164-4C5A-AF06-21C3B2955D54}.Debug|Any CPU.ActiveCfg = Debug|Any CPU
		{C4849E13-7164-4C5A-AF06-21C3B2955D54}.Debug|Any CPU.Build.0 = Debug|Any CPU
		{C4849E13-7164-4C5A-AF06-21C3B2955D54}.Release|Any CPU.ActiveCfg = Release|Any CPU
		{C4849E13-7164-4C5A-AF06-21C3B2955D54}.Release|Any CPU.Build.0 = Release|Any CPU
	EndGlobalSection
	GlobalSection(SolutionProperties) = preSolution
		HideSolutionNode = FALSE
	EndGlobalSection
	GlobalSection(ExtensibilityGlobals) = postSolution
		SolutionGuid = {8908E7AE-B452-43A6-877C-A9BFEA33C5FE}
	EndGlobalSection
EndGlobal
